# Generated by pub
# See https://dart.dev/tools/pub/glossary#lockfile
packages:
  lints:
    dependency: "direct dev"
    description:
      name: lints
      url: "https://pub.dartlang.org"
    source: hosted
    version: "1.0.1"
  pub_dependency:
    dependency: "direct main"
    description:
      path: "."
      ref: HEAD
      resolved-ref: fd0829f10e8d57e998a9d4a03eb7fddf88d9e2f9
      url: "https://github.com/dependabot-fixtures/pub_dependency.git"
    source: git
    version: "1.0.0"
sdks:
  dart: ">=2.16.2 <3.0.0"
